// !$*UTF8*$!
{
	archiveVersion = 1;
	classes = {
	};
	objectVersion = 50;
	objects = {

/* Begin PBXBuildFile section */
		A102963F234DBC7900767E85 /* AppDelegate.swift in Sources */ = {isa = PBXBuildFile; fileRef = A102963E234DBC7900767E85 /* AppDelegate.swift */; };
		A1029641234DBC7900767E85 /* SceneDelegate.swift in Sources */ = {isa = PBXBuildFile; fileRef = A1029640234DBC7900767E85 /* SceneDelegate.swift */; };
		A1029643234DBC7900767E85 /* ContentView.swift in Sources */ = {isa = PBXBuildFile; fileRef = A1029642234DBC7900767E85 /* ContentView.swift */; };
		A1029645234DBC7D00767E85 /* Assets.xcassets in Resources */ = {isa = PBXBuildFile; fileRef = A1029644234DBC7D00767E85 /* Assets.xcassets */; };
		A1029648234DBC7D00767E85 /* Preview Assets.xcassets in Resources */ = {isa = PBXBuildFile; fileRef = A1029647234DBC7D00767E85 /* Preview Assets.xcassets */; };
		A102964B234DBC7D00767E85 /* LaunchScreen.storyboard in Resources */ = {isa = PBXBuildFile; fileRef = A1029649234DBC7D00767E85 /* LaunchScreen.storyboard */; };
		A1534CB6234E055A004626DE /* Hotel.swift in Sources */ = {isa = PBXBuildFile; fileRef = A1534CB5234E055A004626DE /* Hotel.swift */; };
		A1534CC2234EFF82004626DE /* Hotels.xcassets in Resources */ = {isa = PBXBuildFile; fileRef = A1534CC1234EFF82004626DE /* Hotels.xcassets */; };
		A162D89D23545BF800F336AE /* NetworkManager.swift in Sources */ = {isa = PBXBuildFile; fileRef = A162D89C23545BF800F336AE /* NetworkManager.swift */; };
		A162D89F23545CCF00F336AE /* TaskManager.swift in Sources */ = {isa = PBXBuildFile; fileRef = A162D89E23545CCF00F336AE /* TaskManager.swift */; };
/* End PBXBuildFile section */

/* Begin PBXFileReference section */
		A102963B234DBC7900767E85 /* Hotels.app */ = {isa = PBXFileReference; explicitFileType = wrapper.application; includeInIndex = 0; path = Hotels.app; sourceTree = BUILT_PRODUCTS_DIR; };
		A102963E234DBC7900767E85 /* AppDelegate.swift */ = {isa = PBXFileReference; lastKnownFileType = sourcecode.swift; path = AppDelegate.swift; sourceTree = "<group>"; };
		A1029640234DBC7900767E85 /* SceneDelegate.swift */ = {isa = PBXFileReference; lastKnownFileType = sourcecode.swift; path = SceneDelegate.swift; sourceTree = "<group>"; };
		A1029642234DBC7900767E85 /* ContentView.swift */ = {isa = PBXFileReference; lastKnownFileType = sourcecode.swift; path = ContentView.swift; sourceTree = "<group>"; };
		A1029644234DBC7D00767E85 /* Assets.xcassets */ = {isa = PBXFileReference; lastKnownFileType = folder.assetcatalog; path = Assets.xcassets; sourceTree = "<group>"; };
		A1029647234DBC7D00767E85 /* Preview Assets.xcassets */ = {isa = PBXFileReference; lastKnownFileType = folder.assetcatalog; path = "Preview Assets.xcassets"; sourceTree = "<group>"; };
		A102964A234DBC7D00767E85 /* Base */ = {isa = PBXFileReference; lastKnownFileType = file.storyboard; name = Base; path = Base.lproj/LaunchScreen.storyboard; sourceTree = "<group>"; };
		A102964C234DBC7D00767E85 /* Info.plist */ = {isa = PBXFileReference; lastKnownFileType = text.plist.xml; path = Info.plist; sourceTree = "<group>"; };
		A1534CB5234E055A004626DE /* Hotel.swift */ = {isa = PBXFileReference; lastKnownFileType = sourcecode.swift; path = Hotel.swift; sourceTree = "<group>"; };
		A1534CC1234EFF82004626DE /* Hotels.xcassets */ = {isa = PBXFileReference; lastKnownFileType = folder.assetcatalog; path = Hotels.xcassets; sourceTree = "<group>"; };
		A162D89C23545BF800F336AE /* NetworkManager.swift */ = {isa = PBXFileReference; lastKnownFileType = sourcecode.swift; path = NetworkManager.swift; sourceTree = "<group>"; };
		A162D89E23545CCF00F336AE /* TaskManager.swift */ = {isa = PBXFileReference; lastKnownFileType = sourcecode.swift; path = TaskManager.swift; sourceTree = "<group>"; };
/* End PBXFileReference section */

/* Begin PBXFrameworksBuildPhase section */
		A1029638234DBC7900767E85 /* Frameworks */ = {
			isa = PBXFrameworksBuildPhase;
			buildActionMask = 2147483647;
			files = (
			);
			runOnlyForDeploymentPostprocessing = 0;
		};
/* End PBXFrameworksBuildPhase section */

/* Begin PBXGroup section */
		A1029632234DBC7900767E85 = {
			isa = PBXGroup;
			children = (
				A102963D234DBC7900767E85 /* Hotels */,
				A102963C234DBC7900767E85 /* Products */,
			);
			sourceTree = "<group>";
		};
		A102963C234DBC7900767E85 /* Products */ = {
			isa = PBXGroup;
			children = (
				A102963B234DBC7900767E85 /* Hotels.app */,
			);
			name = Products;
			sourceTree = "<group>";
		};
		A102963D234DBC7900767E85 /* Hotels */ = {
			isa = PBXGroup;
			children = (
				A162D8982354465E00F336AE /* Launch */,
				A162D89B23545BD300F336AE /* Controller */,
				A162D89A23545BC900F336AE /* Model */,
				A162D8992354467900F336AE /* Views */,
				A1029644234DBC7D00767E85 /* Assets.xcassets */,
				A1029649234DBC7D00767E85 /* LaunchScreen.storyboard */,
				A102964C234DBC7D00767E85 /* Info.plist */,
				A1029646234DBC7D00767E85 /* Preview Content */,
				A1534CC1234EFF82004626DE /* Hotels.xcassets */,
			);
			path = Hotels;
			sourceTree = "<group>";
		};
		A1029646234DBC7D00767E85 /* Preview Content */ = {
			isa = PBXGroup;
			children = (
				A1029647234DBC7D00767E85 /* Preview Assets.xcassets */,
			);
			path = "Preview Content";
			sourceTree = "<group>";
		};
		A162D8982354465E00F336AE /* Launch */ = {
			isa = PBXGroup;
			children = (
				A102963E234DBC7900767E85 /* AppDelegate.swift */,
				A1029640234DBC7900767E85 /* SceneDelegate.swift */,
			);
			path = Launch;
			sourceTree = "<group>";
		};
		A162D8992354467900F336AE /* Views */ = {
			isa = PBXGroup;
			children = (
				A1029642234DBC7900767E85 /* ContentView.swift */,
			);
			path = Views;
			sourceTree = "<group>";
		};
		A162D89A23545BC900F336AE /* Model */ = {
			isa = PBXGroup;
			children = (
				A1534CB5234E055A004626DE /* Hotel.swift */,
			);
			path = Model;
			sourceTree = "<group>";
		};
		A162D89B23545BD300F336AE /* Controller */ = {
			isa = PBXGroup;
			children = (
				A162D89C23545BF800F336AE /* NetworkManager.swift */,
				A162D89E23545CCF00F336AE /* TaskManager.swift */,
			);
			path = Controller;
			sourceTree = "<group>";
		};
/* End PBXGroup section */

/* Begin PBXNativeTarget section */
		A102963A234DBC7900767E85 /* Hotels */ = {
			isa = PBXNativeTarget;
			buildConfigurationList = A102964F234DBC7D00767E85 /* Build configuration list for PBXNativeTarget "Hotels" */;
			buildPhases = (
				A1029637234DBC7900767E85 /* Sources */,
				A1029638234DBC7900767E85 /* Frameworks */,
				A1029639234DBC7900767E85 /* Resources */,
			);
			buildRules = (
			);
			dependencies = (
			);
			name = Hotels;
			productName = Hotels;
			productReference = A102963B234DBC7900767E85 /* Hotels.app */;
			productType = "com.apple.product-type.application";
		};
/* End PBXNativeTarget section */

/* Begin PBXProject section */
		A1029633234DBC7900767E85 /* Project object */ = {
			isa = PBXProject;
			attributes = {
				LastSwiftUpdateCheck = 1100;
				LastUpgradeCheck = 1100;
				ORGANIZATIONNAME = "Vinay Bharwani";
				TargetAttributes = {
					A102963A234DBC7900767E85 = {
						CreatedOnToolsVersion = 11.0;
					};
				};
			};
			buildConfigurationList = A1029636234DBC7900767E85 /* Build configuration list for PBXProject "Hotels" */;
			compatibilityVersion = "Xcode 9.3";
			developmentRegion = en;
			hasScannedForEncodings = 0;
			knownRegions = (
				en,
				Base,
			);
			mainGroup = A1029632234DBC7900767E85;
			productRefGroup = A102963C234DBC7900767E85 /* Products */;
			projectDirPath = "";
			projectRoot = "";
			targets = (
				A102963A234DBC7900767E85 /* Hotels */,
			);
		};
/* End PBXProject section */

/* Begin PBXResourcesBuildPhase section */
		A1029639234DBC7900767E85 /* Resources */ = {
			isa = PBXResourcesBuildPhase;
			buildActionMask = 2147483647;
			files = (
				A102964B234DBC7D00767E85 /* LaunchScreen.storyboard in Resources */,
				A1029648234DBC7D00767E85 /* Preview Assets.xcassets in Resources */,
				A1534CC2234EFF82004626DE /* Hotels.xcassets in Resources */,
				A1029645234DBC7D00767E85 /* Assets.xcassets in Resources */,
			);
			runOnlyForDeploymentPostprocessing = 0;
		};
/* End PBXResourcesBuildPhase section */

/* Begin PBXSourcesBuildPhase section */
		A1029637234DBC7900767E85 /* Sources */ = {
			isa = PBXSourcesBuildPhase;
			buildActionMask = 2147483647;
			files = (
				A162D89F23545CCF00F336AE /* TaskManager.swift in Sources */,
				A102963F234DBC7900767E85 /* AppDelegate.swift in Sources */,
				A1029641234DBC7900767E85 /* SceneDelegate.swift in Sources */,
				A162D89D23545BF800F336AE /* NetworkManager.swift in Sources */,
				A1534CB6234E055A004626DE /* Hotel.swift in Sources */,
				A1029643234DBC7900767E85 /* ContentView.swift in Sources */,
			);
			runOnlyForDeploymentPostprocessing = 0;
		};
/* End PBXSourcesBuildPhase section */

/* Begin PBXVariantGroup section */
		A1029649234DBC7D00767E85 /* LaunchScreen.storyboard */ = {
			isa = PBXVariantGroup;
			children = (
				A102964A234DBC7D00767E85 /* Base */,
			);
			name = LaunchScreen.storyboard;
			sourceTree = "<group>";
		};
/* End PBXVariantGroup section */

/* Begin XCBuildConfiguration section */
		A102964D234DBC7D00767E85 /* Debug */ = {
			isa = XCBuildConfiguration;
			buildSettings = {
				ALWAYS_SEARCH_USER_PATHS = NO;
				CLANG_ANALYZER_NONNULL = YES;
				CLANG_ANALYZER_NUMBER_OBJECT_CONVERSION = YES_AGGRESSIVE;
				CLANG_CXX_LANGUAGE_STANDARD = "gnu++14";
				CLANG_CXX_LIBRARY = "libc++";
				CLANG_ENABLE_MODULES = YES;
				CLANG_ENABLE_OBJC_ARC = YES;
				CLANG_ENABLE_OBJC_WEAK = YES;
				CLANG_WARN_BLOCK_CAPTURE_AUTORELEASING = YES;
				CLANG_WARN_BOOL_CONVERSION = YES;
				CLANG_WARN_COMMA = YES;
				CLANG_WARN_CONSTANT_CONVERSION = YES;
				CLANG_WARN_DEPRECATED_OBJC_IMPLEMENTATIONS = YES;
				CLANG_WARN_DIRECT_OBJC_ISA_USAGE = YES_ERROR;
				CLANG_WARN_DOCUMENTATION_COMMENTS = YES;
				CLANG_WARN_EMPTY_BODY = YES;
				CLANG_WARN_ENUM_CONVERSION = YES;
				CLANG_WARN_INFINITE_RECURSION = YES;
				CLANG_WARN_INT_CONVERSION = YES;
				CLANG_WARN_NON_LITERAL_NULL_CONVERSION = YES;
				CLANG_WARN_OBJC_IMPLICIT_RETAIN_SELF = YES;
				CLANG_WARN_OBJC_LITERAL_CONVERSION = YES;
				CLANG_WARN_OBJC_ROOT_CLASS = YES_ERROR;
				CLANG_WARN_RANGE_LOOP_ANALYSIS = YES;
				CLANG_WARN_STRICT_PROTOTYPES = YES;
				CLANG_WARN_SUSPICIOUS_MOVE = YES;
				CLANG_WARN_UNGUARDED_AVAILABILITY = YES_AGGRESSIVE;
				CLANG_WARN_UNREACHABLE_CODE = YES;
				CLANG_WARN__DUPLICATE_METHOD_MATCH = YES;
				COPY_PHASE_STRIP = NO;
				DEBUG_INFORMATION_FORMAT = dwarf;
				ENABLE_STRICT_OBJC_MSGSEND = YES;
				ENABLE_TESTABILITY = YES;
				GCC_C_LANGUAGE_STANDARD = gnu11;
				GCC_DYNAMIC_NO_PIC = NO;
				GCC_NO_COMMON_BLOCKS = YES;
				GCC_OPTIMIZATION_LEVEL = 0;
				GCC_PREPROCESSOR_DEFINITIONS = (
					"DEBUG=1",
					"$(inherited)",
				);
				GCC_WARN_64_TO_32_BIT_CONVERSION = YES;
				GCC_WARN_ABOUT_RETURN_TYPE = YES_ERROR;
				GCC_WARN_UNDECLARED_SELECTOR = YES;
				GCC_WARN_UNINITIALIZED_AUTOS = YES_AGGRESSIVE;
				GCC_WARN_UNUSED_FUNCTION = YES;
				GCC_WARN_UNUSED_VARIABLE = YES;
				IPHONEOS_DEPLOYMENT_TARGET = 13.0;
				MTL_ENABLE_DEBUG_INFO = INCLUDE_SOURCE;
				MTL_FAST_MATH = YES;
				ONLY_ACTIVE_ARCH = YES;
				SDKROOT = iphoneos;
				SWIFT_ACTIVE_COMPILATION_CONDITIONS = DEBUG;
				SWIFT_OPTIMIZATION_LEVEL = "-Onone";
			};
			name = Debug;
		};
		A102964E234DBC7D00767E85 /* Release */ = {
			isa = XCBuildConfiguration;
			buildSettings = {
				ALWAYS_SEARCH_USER_PATHS = NO;
				CLANG_ANALYZER_NONNULL = YES;
				CLANG_ANALYZER_NUMBER_OBJECT_CONVERSION = YES_AGGRESSIVE;
				CLANG_CXX_LANGUAGE_STANDARD = "gnu++14";
				CLANG_CXX_LIBRARY = "libc++";
				CLANG_ENABLE_MODULES = YES;
				CLANG_ENABLE_OBJC_ARC = YES;
				CLANG_ENABLE_OBJC_WEAK = YES;
				CLANG_WARN_BLOCK_CAPTURE_AUTORELEASING = YES;
				CLANG_WARN_BOOL_CONVERSION = YES;
				CLANG_WARN_COMMA = YES;
				CLANG_WARN_CONSTANT_CONVERSION = YES;
				CLANG_WARN_DEPRECATED_OBJC_IMPLEMENTATIONS = YES;
				CLANG_WARN_DIRECT_OBJC_ISA_USAGE = YES_ERROR;
				CLANG_WARN_DOCUMENTATION_COMMENTS = YES;
				CLANG_WARN_EMPTY_BODY = YES;
				CLANG_WARN_ENUM_CONVERSION = YES;
				CLANG_WARN_INFINITE_RECURSION = YES;
				CLANG_WARN_INT_CONVERSION = YES;
				CLANG_WARN_NON_LITERAL_NULL_CONVERSION = YES;
				CLANG_WARN_OBJC_IMPLICIT_RETAIN_SELF = YES;
				CLANG_WARN_OBJC_LITERAL_CONVERSION = YES;
				CLANG_WARN_OBJC_ROOT_CLASS = YES_ERROR;
				CLANG_WARN_RANGE_LOOP_ANALYSIS = YES;
				CLANG_WARN_STRICT_PROTOTYPES = YES;
				CLANG_WARN_SUSPICIOUS_MOVE = YES;
				CLANG_WARN_UNGUARDED_AVAILABILITY = YES_AGGRESSIVE;
				CLANG_WARN_UNREACHABLE_CODE = YES;
				CLANG_WARN__DUPLICATE_METHOD_MATCH = YES;
				COPY_PHASE_STRIP = NO;
				DEBUG_INFORMATION_FORMAT = "dwarf-with-dsym";
				ENABLE_NS_ASSERTIONS = NO;
				ENABLE_STRICT_OBJC_MSGSEND = YES;
				GCC_C_LANGUAGE_STANDARD = gnu11;
				GCC_NO_COMMON_BLOCKS = YES;
				GCC_WARN_64_TO_32_BIT_CONVERSION = YES;
				GCC_WARN_ABOUT_RETURN_TYPE = YES_ERROR;
				GCC_WARN_UNDECLARED_SELECTOR = YES;
				GCC_WARN_UNINITIALIZED_AUTOS = YES_AGGRESSIVE;
				GCC_WARN_UNUSED_FUNCTION = YES;
				GCC_WARN_UNUSED_VARIABLE = YES;
				IPHONEOS_DEPLOYMENT_TARGET = 13.0;
				MTL_ENABLE_DEBUG_INFO = NO;
				MTL_FAST_MATH = YES;
				SDKROOT = iphoneos;
				SWIFT_COMPILATION_MODE = wholemodule;
				SWIFT_OPTIMIZATION_LEVEL = "-O";
				VALIDATE_PRODUCT = YES;
			};
			name = Release;
		};
		A1029650234DBC7D00767E85 /* Debug */ = {
			isa = XCBuildConfiguration;
			buildSettings = {
				ASSETCATALOG_COMPILER_APPICON_NAME = AppIcon;
				CODE_SIGN_STYLE = Automatic;
				DEVELOPMENT_ASSET_PATHS = "\"Hotels/Preview Content\"";
				ENABLE_PREVIEWS = YES;
				INFOPLIST_FILE = Hotels/Info.plist;
				LD_RUNPATH_SEARCH_PATHS = (
					"$(inherited)",
					"@executable_path/Frameworks",
				);
				PRODUCT_BUNDLE_IDENTIFIER = mfs.Hotels;
				PRODUCT_NAME = "$(TARGET_NAME)";
				SWIFT_VERSION = 5.0;
				TARGETED_DEVICE_FAMILY = "1,2";
			};
			name = Debug;
		};
		A1029651234DBC7D00767E85 /* Release */ = {
			isa = XCBuildConfiguration;
			buildSettings = {
				ASSETCATALOG_COMPILER_APPICON_NAME = AppIcon;
				CODE_SIGN_STYLE = Automatic;
				DEVELOPMENT_ASSET_PATHS = "\"Hotels/Preview Content\"";
				ENABLE_PREVIEWS = YES;
				INFOPLIST_FILE = Hotels/Info.plist;
				LD_RUNPATH_SEARCH_PATHS = (
					"$(inherited)",
					"@executable_path/Frameworks",
				);
				PRODUCT_BUNDLE_IDENTIFIER = mfs.Hotels;
				PRODUCT_NAME = "$(TARGET_NAME)";
				SWIFT_VERSION = 5.0;
				TARGETED_DEVICE_FAMILY = "1,2";
			};
			name = Release;
		};
/* End XCBuildConfiguration section */

/* Begin XCConfigurationList section */
		A1029636234DBC7900767E85 /* Build configuration list for PBXProject "Hotels" */ = {
			isa = XCConfigurationList;
			buildConfigurations = (
				A102964D234DBC7D00767E85 /* Debug */,
				A102964E234DBC7D00767E85 /* Release */,
			);
			defaultConfigurationIsVisible = 0;
			defaultConfigurationName = Release;
		};
		A102964F234DBC7D00767E85 /* Build configuration list for PBXNativeTarget "Hotels" */ = {
			isa = XCConfigurationList;
			buildConfigurations = (
				A1029650234DBC7D00767E85 /* Debug */,
				A1029651234DBC7D00767E85 /* Release */,
			);
			defaultConfigurationIsVisible = 0;
			defaultConfigurationName = Release;
		};
/* End XCConfigurationList section */
	};
	rootObject = A1029633234DBC7900767E85 /* Project object */;
}
